
Microsoft Visual Studio Solution File, Format Version 12.00
# Visual Studio Version 16
VisualStudioVersion = 16.0.30011.22
MinimumVisualStudioVersion = 10.0.40219.1
Project("{FAE04EC0-301F-11D3-BF4B-00C04F79EFBC}") = "HelloWorldnew", "HelloWorldnew\HelloWorldnew.csproj", "{62610DA9-DC4E-439C-9520-597B49DFC770}"
EndProject
Project("{FAE04EC0-301F-11D3-BF4B-00C04F79EFBC}") = "HelloTests", "HelloTests\HelloTests.csproj", "{ACAE2BCC-DE91-4E39-9836-6792D37B172A}"
EndProject
Global
	GlobalSection(SolutionConfigurationPlatforms) = preSolution
		Debug|Any CPU = Debug|Any CPU
		Release|Any CPU = Release|Any CPU
	EndGlobalSection
	GlobalSection(ProjectConfigurationPlatforms) = postSolution
		{62610DA9-DC4E-439C-9520-597B49DFC770}.Debug|Any CPU.ActiveCfg = Debug|Any CPU
		{62610DA9-DC4E-439C-9520-597B49DFC770}.Debug|Any CPU.Build.0 = Debug|Any CPU
		{62610DA9-DC4E-439C-9520-597B49DFC770}.Release|Any CPU.ActiveCfg = Release|Any CPU
		{62610DA9-DC4E-439C-9520-597B49DFC770}.Release|Any CPU.Build.0 = Release|Any CPU
		{ACAE2BCC-DE91-4E39-9836-6792D37B172A}.Debug|Any CPU.ActiveCfg = Debug|Any CPU
		{ACAE2BCC-DE91-4E39-9836-6792D37B172A}.Debug|Any CPU.Build.0 = Debug|Any CPU
		{ACAE2BCC-DE91-4E39-9836-6792D37B172A}.Release|Any CPU.ActiveCfg = Release|Any CPU
		{ACAE2BCC-DE91-4E39-9836-6792D37B172A}.Release|Any CPU.Build.0 = Release|Any CPU
	EndGlobalSection
	GlobalSection(SolutionProperties) = preSolution
		HideSolutionNode = FALSE
	EndGlobalSection
	GlobalSection(ExtensibilityGlobals) = postSolution
		SolutionGuid = {FB7CA68E-13B5-4A50-9307-9B02C5150A3A}
	EndGlobalSection
EndGlobal
